
Microsoft Visual Studio Solution File, Format Version 12.00
# Visual Studio Version 17
VisualStudioVersion = 17.13.35818.85
MinimumVisualStudioVersion = 10.0.40219.1
Project("{FAE04EC0-301F-11D3-BF4B-00C04F79EFBC}") = "SnowWanderer", "SnowWanderer\SnowWanderer.csproj", "{0B7E0D66-89FA-446E-B77D-354FBC090DEC}"
EndProject
Project("{54435603-DBB4-11D2-8724-00A0C9A8B90C}") = "SnowWandererInstaller", "SnowWandererInstaller\SnowWandererInstaller.vdproj", "{53F78B19-D118-34BF-3B08-AB57C2893524}"
EndProject
Global
	GlobalSection(SolutionConfigurationPlatforms) = preSolution
		Debug|Any CPU = Debug|Any CPU
		Release|Any CPU = Release|Any CPU
	EndGlobalSection
	GlobalSection(ProjectConfigurationPlatforms) = postSolution
		{0B7E0D66-89FA-446E-B77D-354FBC090DEC}.Debug|Any CPU.ActiveCfg = Debug|Any CPU
		{0B7E0D66-89FA-446E-B77D-354FBC090DEC}.Debug|Any CPU.Build.0 = Debug|Any CPU
		{0B7E0D66-89FA-446E-B77D-354FBC090DEC}.Release|Any CPU.ActiveCfg = Release|Any CPU
		{0B7E0D66-89FA-446E-B77D-354FBC090DEC}.Release|Any CPU.Build.0 = Release|Any CPU
		{53F78B19-D118-34BF-3B08-AB57C2893524}.Debug|Any CPU.ActiveCfg = Debug
		{53F78B19-D118-34BF-3B08-AB57C2893524}.Release|Any CPU.ActiveCfg = Release
		{53F78B19-D118-34BF-3B08-AB57C2893524}.Release|Any CPU.Build.0 = Release
	EndGlobalSection
	GlobalSection(SolutionProperties) = preSolution
		HideSolutionNode = FALSE
	EndGlobalSection
	GlobalSection(ExtensibilityGlobals) = postSolution
		SolutionGuid = {4314D48F-F67D-49FB-B938-038EF19D7F64}
	EndGlobalSection
EndGlobal
